// !$*UTF8*$!
{
	archiveVersion = 1;
	classes = {
	};
	objectVersion = 46;
	objects = {

/* Begin PBXBuildFile section */
		3A6FB20D1D99E12200593599 /* TextToSpeech.m in Sources */ = {isa = PBXBuildFile; fileRef = 3A6FB20C1D99E12200593599 /* TextToSpeech.m */; };
		3A6FB20E1D99E12200593599 /* TextToSpeech.h in CopyFiles */ = {isa = PBXBuildFile; fileRef = 3A6FB20B1D99E12200593599 /* TextToSpeech.h */; };
		624AB8EBA8B6353387FD2929 /* libPods-TextToSpeech.a in Frameworks */ = {isa = PBXBuildFile; fileRef = 1579008D29467247321F5733 /* libPods-TextToSpeech.a */; };
/* End PBXBuildFile section */

/* Begin PBXCopyFilesBuildPhase section */
		3A6FB2061D99E12200593599 /* CopyFiles */ = {
			isa = PBXCopyFilesBuildPhase;
			buildActionMask = 2147483647;
			dstPath = "include/$(PRODUCT_NAME)";
			dstSubfolderSpec = 16;
			files = (
				3A6FB20E1D99E12200593599 /* TextToSpeech.h in CopyFiles */,
			);
			runOnlyForDeploymentPostprocessing = 0;
		};
/* End PBXCopyFilesBuildPhase section */

/* Begin PBXFileReference section */
		1579008D29467247321F5733 /* libPods-TextToSpeech.a */ = {isa = PBXFileReference; explicitFileType = archive.ar; includeInIndex = 0; path = "libPods-TextToSpeech.a"; sourceTree = BUILT_PRODUCTS_DIR; };
		3A6FB2081D99E12200593599 /* libTextToSpeech.a */ = {isa = PBXFileReference; explicitFileType = archive.ar; includeInIndex = 0; path = libTextToSpeech.a; sourceTree = BUILT_PRODUCTS_DIR; };
		3A6FB20B1D99E12200593599 /* TextToSpeech.h */ = {isa = PBXFileReference; lastKnownFileType = sourcecode.c.h; path = TextToSpeech.h; sourceTree = "<group>"; };
		3A6FB20C1D99E12200593599 /* TextToSpeech.m */ = {isa = PBXFileReference; lastKnownFileType = sourcecode.c.objc; path = TextToSpeech.m; sourceTree = "<group>"; };
		5ABC6C03028F06FC9B41B8C0 /* Pods-TextToSpeech.release.xcconfig */ = {isa = PBXFileReference; includeInIndex = 1; lastKnownFileType = text.xcconfig; name = "Pods-TextToSpeech.release.xcconfig"; path = "Target Support Files/Pods-TextToSpeech/Pods-TextToSpeech.release.xcconfig"; sourceTree = "<group>"; };
		897FD749AAD8936FE9F04125 /* Pods-TextToSpeech.debug.xcconfig */ = {isa = PBXFileReference; includeInIndex = 1; lastKnownFileType = text.xcconfig; name = "Pods-TextToSpeech.debug.xcconfig"; path = "Target Support Files/Pods-TextToSpeech/Pods-TextToSpeech.debug.xcconfig"; sourceTree = "<group>"; };
/* End PBXFileReference section */

/* Begin PBXFrameworksBuildPhase section */
		3A6FB2051D99E12200593599 /* Frameworks */ = {
			isa = PBXFrameworksBuildPhase;
			buildActionMask = 2147483647;
			files = (
				624AB8EBA8B6353387FD2929 /* libPods-TextToSpeech.a in Frameworks */,
			);
			runOnlyForDeploymentPostprocessing = 0;
		};
/* End PBXFrameworksBuildPhase section */

/* Begin PBXGroup section */
		19FED172E31613803521C7F8 /* Pods */ = {
			isa = PBXGroup;
			children = (
				897FD749AAD8936FE9F04125 /* Pods-TextToSpeech.debug.xcconfig */,
				5ABC6C03028F06FC9B41B8C0 /* Pods-TextToSpeech.release.xcconfig */,
			);
			name = Pods;
			path = Pods;
			sourceTree = "<group>";
		};
		3A6FB1FF1D99E12200593599 = {
			isa = PBXGroup;
			children = (
				3A6FB20A1D99E12200593599 /* TextToSpeech */,
				3A6FB2091D99E12200593599 /* Products */,
				19FED172E31613803521C7F8 /* Pods */,
				B4332D6155AE7B7F0CE4E26D /* Frameworks */,
			);
			sourceTree = "<group>";
		};
		3A6FB2091D99E12200593599 /* Products */ = {
			isa = PBXGroup;
			children = (
				3A6FB2081D99E12200593599 /* libTextToSpeech.a */,
			);
			name = Products;
			sourceTree = "<group>";
		};
		3A6FB20A1D99E12200593599 /* TextToSpeech */ = {
			isa = PBXGroup;
			children = (
				3A6FB20B1D99E12200593599 /* TextToSpeech.h */,
				3A6FB20C1D99E12200593599 /* TextToSpeech.m */,
			);
			path = TextToSpeech;
			sourceTree = "<group>";
		};
		B4332D6155AE7B7F0CE4E26D /* Frameworks */ = {
			isa = PBXGroup;
			children = (
				1579008D29467247321F5733 /* libPods-TextToSpeech.a */,
			);
			name = Frameworks;
			sourceTree = "<group>";
		};
/* End PBXGroup section */

/* Begin PBXNativeTarget section */
		3A6FB2071D99E12200593599 /* TextToSpeech */ = {
			isa = PBXNativeTarget;
			buildConfigurationList = 3A6FB2111D99E12200593599 /* Build configuration list for PBXNativeTarget "TextToSpeech" */;
			buildPhases = (
				2A13360D73A79CE60353C273 /* [CP] Check Pods Manifest.lock */,
				3A6FB2041D99E12200593599 /* Sources */,
				3A6FB2051D99E12200593599 /* Frameworks */,
				3A6FB2061D99E12200593599 /* CopyFiles */,
			);
			buildRules = (
			);
			dependencies = (
			);
			name = TextToSpeech;
			productName = TextToSpeech;
			productReference = 3A6FB2081D99E12200593599 /* libTextToSpeech.a */;
			productType = "com.apple.product-type.library.static";
		};
/* End PBXNativeTarget section */

/* Begin PBXProject section */
		3A6FB2001D99E12200593599 /* Project object */ = {
			isa = PBXProject;
			attributes = {
				LastUpgradeCheck = 0800;
				ORGANIZATIONNAME = "Anton Krasovsky";
				TargetAttributes = {
					3A6FB2071D99E12200593599 = {
						CreatedOnToolsVersion = 8.0;
						DevelopmentTeam = 6W9ZGN9YUK;
						ProvisioningStyle = Automatic;
					};
				};
			};
			buildConfigurationList = 3A6FB2031D99E12200593599 /* Build configuration list for PBXProject "TextToSpeech" */;
			compatibilityVersion = "Xcode 3.2";
			developmentRegion = English;
			hasScannedForEncodings = 0;
			knownRegions = (
				en,
			);
			mainGroup = 3A6FB1FF1D99E12200593599;
			productRefGroup = 3A6FB2091D99E12200593599 /* Products */;
			projectDirPath = "";
			projectRoot = "";
			targets = (
				3A6FB2071D99E12200593599 /* TextToSpeech */,
			);
		};
/* End PBXProject section */

/* Begin PBXShellScriptBuildPhase section */
		2A13360D73A79CE60353C273 /* [CP] Check Pods Manifest.lock */ = {
			isa = PBXShellScriptBuildPhase;
			buildActionMask = 2147483647;
			files = (
			);
			inputFileListPaths = (
			);
			inputPaths = (
				"${PODS_PODFILE_DIR_PATH}/Podfile.lock",
				"${PODS_ROOT}/Manifest.lock",
			);
			name = "[CP] Check Pods Manifest.lock";
			outputFileListPaths = (
			);
			outputPaths = (
				"$(DERIVED_FILE_DIR)/Pods-TextToSpeech-checkManifestLockResult.txt",
			);
			runOnlyForDeploymentPostprocessing = 0;
			shellPath = /bin/sh;
			shellScript = "diff \"${PODS_PODFILE_DIR_PATH}/Podfile.lock\" \"${PODS_ROOT}/Manifest.lock\" > /dev/null\nif [ $? != 0 ] ; then\n    # print error to STDERR\n    echo \"error: The sandbox is not in sync with the Podfile.lock. Run 'pod install' or update your CocoaPods installation.\" >&2\n    exit 1\nfi\n# This output is used by Xcode 'outputs' to avoid re-running this script phase.\necho \"SUCCESS\" > \"${SCRIPT_OUTPUT_FILE_0}\"\n";
			showEnvVarsInLog = 0;
		};
/* End PBXShellScriptBuildPhase section */

/* Begin PBXSourcesBuildPhase section */
		3A6FB2041D99E12200593599 /* Sources */ = {
			isa = PBXSourcesBuildPhase;
			buildActionMask = 2147483647;
			files = (
				3A6FB20D1D99E12200593599 /* TextToSpeech.m in Sources */,
			);
			runOnlyForDeploymentPostprocessing = 0;
		};
/* End PBXSourcesBuildPhase section */

/* Begin XCBuildConfiguration section */
		3A6FB20F1D99E12200593599 /* Debug */ = {
			isa = XCBuildConfiguration;
			buildSettings = {
				ALWAYS_SEARCH_USER_PATHS = NO;
				CLANG_ANALYZER_NONNULL = YES;
				CLANG_CXX_LANGUAGE_STANDARD = "gnu++0x";
				CLANG_CXX_LIBRARY = "libc++";
				CLANG_ENABLE_MODULES = YES;
				CLANG_ENABLE_OBJC_ARC = YES;
				CLANG_WARN_BOOL_CONVERSION = YES;
				CLANG_WARN_CONSTANT_CONVERSION = YES;
				CLANG_WARN_DIRECT_OBJC_ISA_USAGE = YES_ERROR;
				CLANG_WARN_DOCUMENTATION_COMMENTS = YES;
				CLANG_WARN_EMPTY_BODY = YES;
				CLANG_WARN_ENUM_CONVERSION = YES;
				CLANG_WARN_INFINITE_RECURSION = YES;
				CLANG_WARN_INT_CONVERSION = YES;
				CLANG_WARN_OBJC_ROOT_CLASS = YES_ERROR;
				CLANG_WARN_SUSPICIOUS_MOVES = YES;
				CLANG_WARN_UNREACHABLE_CODE = YES;
				CLANG_WARN__DUPLICATE_METHOD_MATCH = YES;
				"CODE_SIGN_IDENTITY[sdk=iphoneos*]" = "iPhone Developer";
				COPY_PHASE_STRIP = NO;
				DEBUG_INFORMATION_FORMAT = dwarf;
				ENABLE_STRICT_OBJC_MSGSEND = YES;
				ENABLE_TESTABILITY = YES;
				GCC_C_LANGUAGE_STANDARD = gnu99;
				GCC_DYNAMIC_NO_PIC = NO;
				GCC_NO_COMMON_BLOCKS = YES;
				GCC_OPTIMIZATION_LEVEL = 0;
				GCC_PREPROCESSOR_DEFINITIONS = (
					"DEBUG=1",
					"$(inherited)",
				);
				GCC_WARN_64_TO_32_BIT_CONVERSION = YES;
				GCC_WARN_ABOUT_RETURN_TYPE = YES_ERROR;
				GCC_WARN_UNDECLARED_SELECTOR = YES;
				GCC_WARN_UNINITIALIZED_AUTOS = YES_AGGRESSIVE;
				GCC_WARN_UNUSED_FUNCTION = YES;
				GCC_WARN_UNUSED_VARIABLE = YES;
				IPHONEOS_DEPLOYMENT_TARGET = 8.0;
				MTL_ENABLE_DEBUG_INFO = YES;
				ONLY_ACTIVE_ARCH = YES;
				SDKROOT = iphoneos;
			};
			name = Debug;
		};
		3A6FB2101D99E12200593599 /* Release */ = {
			isa = XCBuildConfiguration;
			buildSettings = {
				ALWAYS_SEARCH_USER_PATHS = NO;
				CLANG_ANALYZER_NONNULL = YES;
				CLANG_CXX_LANGUAGE_STANDARD = "gnu++0x";
				CLANG_CXX_LIBRARY = "libc++";
				CLANG_ENABLE_MODULES = YES;
				CLANG_ENABLE_OBJC_ARC = YES;
				CLANG_WARN_BOOL_CONVERSION = YES;
				CLANG_WARN_CONSTANT_CONVERSION = YES;
				CLANG_WARN_DIRECT_OBJC_ISA_USAGE = YES_ERROR;
				CLANG_WARN_DOCUMENTATION_COMMENTS = YES;
				CLANG_WARN_EMPTY_BODY = YES;
				CLANG_WARN_ENUM_CONVERSION = YES;
				CLANG_WARN_INFINITE_RECURSION = YES;
				CLANG_WARN_INT_CONVERSION = YES;
				CLANG_WARN_OBJC_ROOT_CLASS = YES_ERROR;
				CLANG_WARN_SUSPICIOUS_MOVES = YES;
				CLANG_WARN_UNREACHABLE_CODE = YES;
				CLANG_WARN__DUPLICATE_METHOD_MATCH = YES;
				"CODE_SIGN_IDENTITY[sdk=iphoneos*]" = "iPhone Developer";
				COPY_PHASE_STRIP = NO;
				DEBUG_INFORMATION_FORMAT = "dwarf-with-dsym";
				ENABLE_NS_ASSERTIONS = NO;
				ENABLE_STRICT_OBJC_MSGSEND = YES;
				GCC_C_LANGUAGE_STANDARD = gnu99;
				GCC_NO_COMMON_BLOCKS = YES;
				GCC_WARN_64_TO_32_BIT_CONVERSION = YES;
				GCC_WARN_ABOUT_RETURN_TYPE = YES_ERROR;
				GCC_WARN_UNDECLARED_SELECTOR = YES;
				GCC_WARN_UNINITIALIZED_AUTOS = YES_AGGRESSIVE;
				GCC_WARN_UNUSED_FUNCTION = YES;
				GCC_WARN_UNUSED_VARIABLE = YES;
				IPHONEOS_DEPLOYMENT_TARGET = 8.0;
				MTL_ENABLE_DEBUG_INFO = NO;
				SDKROOT = iphoneos;
				VALIDATE_PRODUCT = YES;
			};
			name = Release;
		};
		3A6FB2121D99E12200593599 /* Debug */ = {
			isa = XCBuildConfiguration;
			baseConfigurationReference = 897FD749AAD8936FE9F04125 /* Pods-TextToSpeech.debug.xcconfig */;
			buildSettings = {
				DEVELOPMENT_TEAM = "";
				HEADER_SEARCH_PATHS = (
					"$(inherited)",
					/Applications/Xcode.app/Contents/Developer/Toolchains/XcodeDefault.xctoolchain/usr/include,
					"$(SRCROOT)/../../react-native/React/**",
				);
				OTHER_LDFLAGS = "-ObjC";
				PRODUCT_NAME = "$(TARGET_NAME)";
				SKIP_INSTALL = YES;
			};
			name = Debug;
		};
		3A6FB2131D99E12200593599 /* Release */ = {
			isa = XCBuildConfiguration;
			baseConfigurationReference = 5ABC6C03028F06FC9B41B8C0 /* Pods-TextToSpeech.release.xcconfig */;
			buildSettings = {
				DEVELOPMENT_TEAM = "";
				HEADER_SEARCH_PATHS = (
					"$(inherited)",
					/Applications/Xcode.app/Contents/Developer/Toolchains/XcodeDefault.xctoolchain/usr/include,
					"$(SRCROOT)/../../react-native/React/**",
				);
				OTHER_LDFLAGS = "-ObjC";
				PRODUCT_NAME = "$(TARGET_NAME)";
				SKIP_INSTALL = YES;
			};
			name = Release;
		};
/* End XCBuildConfiguration section */

/* Begin XCConfigurationList section */
		3A6FB2031D99E12200593599 /* Build configuration list for PBXProject "TextToSpeech" */ = {
			isa = XCConfigurationList;
			buildConfigurations = (
				3A6FB20F1D99E12200593599 /* Debug */,
				3A6FB2101D99E12200593599 /* Release */,
			);
			defaultConfigurationIsVisible = 0;
			defaultConfigurationName = Release;
		};
		3A6FB2111D99E12200593599 /* Build configuration list for PBXNativeTarget "TextToSpeech" */ = {
			isa = XCConfigurationList;
			buildConfigurations = (
				3A6FB2121D99E12200593599 /* Debug */,
				3A6FB2131D99E12200593599 /* Release */,
			);
			defaultConfigurationIsVisible = 0;
			defaultConfigurationName = Release;
		};
/* End XCConfigurationList section */
	};
	rootObject = 3A6FB2001D99E12200593599 /* Project object */;
}
